hash: fd24132b3f4404b16350d2135fb7e03cb9d4faebdb686f4c4895f0a1a18513f0
updated: 2017-09-18T23:41:39.774713036+07:00
imports:
- name: github.com/AlekSi/pointer
  version: 08a25bac605b3fcb6cc27f3917b2c2c87451963d
- name: github.com/golang/protobuf
  version: fec3b39b059c0f88fa6b20f5ed012b1aa203a8b4
  subpackages:
  - proto
- name: github.com/google/go-github
  version: 4b7b445665c8ce4f3c10c753b1884e2c4f09e323
  subpackages:
  - github
- name: github.com/google/go-querystring
  version: 53e6ce116135b80d037921a7fdd5138cf32d7a8a
  subpackages:
  - query
- name: github.com/icza/session
  version: 2eda5d157a03149bf944ca6ce8e27592da98f364
- name: github.com/k8s-community/handlers
  version: 38a673f26616c3a99a720e13fa0eb7ebe0b4ca5d
- name: github.com/k8s-community/user-manager
  version: 6cf98c17777351032527d6d1242c32de826c2d14
  subpackages:
  - client
- name: github.com/lib/pq
  version: 91f10e40ba0dd2d0bf9f93ec1d4077711a78df88
  subpackages:
  - oid
- name: github.com/openprovider/handlers
  version: 38a673f26616c3a99a720e13fa0eb7ebe0b4ca5d
  subpackages:
  - info
- name: github.com/satori/go.uuid
  version: 879c5887cd475cd7864858769793b2ceb0d44feb
- name: github.com/Sirupsen/logrus
  version: ba1b36c82c5e05c4f912a88eab0dcd91a171688f
- name: github.com/takama/router
  version: bb2e2b42ce5f3985536263c61ae196a556108254
- name: golang.org/x/net
  version: e90d6d0afc4c315a0d87a568ae68577cc15149a0
  subpackages:
  - context
- name: golang.org/x/oauth2
  version: ad516a297a9f2a74ecc244861b298c94bdd28b9d
  subpackages:
  - github
  - internal
- name: golang.org/x/sys
  version: 1e99a4f9d247b28c670884b9a8d6801f39a47b77
  subpackages:
  - unix
- name: google.golang.org/appengine
  version: 170382fa85b10b94728989dfcf6cc818b335c952
  subpackages:
  - datastore
  - internal
  - internal/app_identity
  - internal/base
  - internal/datastore
  - internal/log
  - internal/memcache
  - internal/modules
  - internal/remote_api
  - internal/urlfetch
  - log
  - memcache
  - urlfetch
- name: gopkg.in/reform.v1
  version: aa2ae077c28edaf600cb1b9067e15aca0b0179bd
  subpackages:
  - dialects/postgresql
  - parse
testImports: []
