# This file is autogenerated, do not edit; changes may be undone by the next 'dep ensure'.


[[projects]]
  name = "github.com/AlekSi/pointer"
  packages = ["."]
  revision = "08a25bac605b3fcb6cc27f3917b2c2c87451963d"
  version = "v1.0.0"

[[projects]]
  name = "github.com/Sirupsen/logrus"
  packages = ["."]
  revision = "c155da19408a8799da419ed3eeb0cb5db0ad5dbc"
  version = "v1.0.5"

[[projects]]
  name = "github.com/golang/protobuf"
  packages = ["proto"]
  revision = "b4deda0973fb4c70b50d226b1af49f3da59f5265"
  version = "v1.1.0"

[[projects]]
  name = "github.com/google/go-github"
  packages = ["github"]
  revision = "e48060a28fac52d0f1cb758bc8b87c07bac4a87d"
  version = "v15.0.0"

[[projects]]
  branch = "master"
  name = "github.com/google/go-querystring"
  packages = ["query"]
  revision = "53e6ce116135b80d037921a7fdd5138cf32d7a8a"

[[projects]]
  name = "github.com/icza/session"
  packages = ["."]
  revision = "2eda5d157a03149bf944ca6ce8e27592da98f364"
  version = "v1.1.0"

[[projects]]
  name = "github.com/k8s-community/github-integration"
  packages = ["client"]
  revision = "92ab291cf95d663862b11bc3b5e6d45a6f53dc3c"
  version = "0.8.2"

[[projects]]
  name = "github.com/k8s-community/user-manager"
  packages = ["client"]
  revision = "00275b03885310deeb108aa8cfcd16df9d4c3de0"
  version = "0.6.0"

[[projects]]
  branch = "master"
  name = "github.com/lib/pq"
  packages = [".","oid"]
  revision = "90697d60dd844d5ef6ff15135d0203f65d2f53b8"

[[projects]]
  name = "github.com/openprovider/handlers"
  packages = ["info"]
  revision = "38a673f26616c3a99a720e13fa0eb7ebe0b4ca5d"
  version = "0.1.1"

[[projects]]
  name = "github.com/takama/router"
  packages = ["."]
  revision = "0db9d28f71e2a29c7b82ea6a0851bb0dedeaf744"
  version = "0.6.5"

[[projects]]
  branch = "master"
  name = "golang.org/x/crypto"
  packages = ["ssh/terminal"]
  revision = "027cca12c2d63e3d62b670d901e8a2c95854feec"

[[projects]]
  branch = "master"
  name = "golang.org/x/net"
  packages = ["context","context/ctxhttp"]
  revision = "db08ff08e8622530d9ed3a0e8ac279f6d4c02196"

[[projects]]
  branch = "master"
  name = "golang.org/x/oauth2"
  packages = [".","github","internal"]
  revision = "1e0a3fa8ba9a5c9eb35c271780101fdaf1b205d7"

[[projects]]
  branch = "master"
  name = "golang.org/x/sys"
  packages = ["unix","windows"]
  revision = "6c888cc515d3ed83fc103cf1d84468aad274b0a7"

[[projects]]
  name = "google.golang.org/appengine"
  packages = [".","datastore","internal","internal/app_identity","internal/base","internal/datastore","internal/log","internal/memcache","internal/modules","internal/remote_api","internal/urlfetch","log","memcache","urlfetch"]
  revision = "b1f26356af11148e710935ed1ac8a7f5702c7612"
  version = "v1.1.0"

[[projects]]
  name = "gopkg.in/reform.v1"
  packages = [".","dialects/postgresql","parse"]
  revision = "161dee950cbd38085dac33c87ef81140f2da99cc"
  version = "v1.3.1"

[solve-meta]
  analyzer-name = "dep"
  analyzer-version = 1
  inputs-digest = "09b64c9762e24451be8b40569ac1c89bca59922ad16bcc8c3b21f2d51c37c0c8"
  solver-name = "gps-cdcl"
  solver-version = 1
