# This file is autogenerated, do not edit; changes may be undone by the next 'dep ensure'.


[[projects]]
  name = "github.com/AlekSi/pointer"
  packages = ["."]
  revision = "08a25bac605b3fcb6cc27f3917b2c2c87451963d"
  version = "v1.0.0"

[[projects]]
  name = "github.com/Sirupsen/logrus"
  packages = ["."]
  revision = "ba1b36c82c5e05c4f912a88eab0dcd91a171688f"
  version = "v0.11.5"

[[projects]]
  name = "github.com/golang/protobuf"
  packages = ["proto"]
  revision = "fec3b39b059c0f88fa6b20f5ed012b1aa203a8b4"

[[projects]]
  name = "github.com/google/go-github"
  packages = ["github"]
  revision = "4b7b445665c8ce4f3c10c753b1884e2c4f09e323"

[[projects]]
  branch = "master"
  name = "github.com/google/go-querystring"
  packages = ["query"]
  revision = "53e6ce116135b80d037921a7fdd5138cf32d7a8a"

[[projects]]
  name = "github.com/icza/session"
  packages = ["."]
  revision = "2eda5d157a03149bf944ca6ce8e27592da98f364"
  version = "v1.1.0"

[[projects]]
  name = "github.com/k8s-community/user-manager"
  packages = ["client"]
  revision = "6cf98c17777351032527d6d1242c32de826c2d14"
  version = "0.1.4"

[[projects]]
  name = "github.com/lib/pq"
  packages = [".","oid"]
  revision = "91f10e40ba0dd2d0bf9f93ec1d4077711a78df88"

[[projects]]
  name = "github.com/openprovider/handlers"
  packages = ["info"]
  revision = "38a673f26616c3a99a720e13fa0eb7ebe0b4ca5d"
  version = "0.1.1"

[[projects]]
  name = "github.com/takama/router"
  packages = ["."]
  revision = "bb2e2b42ce5f3985536263c61ae196a556108254"
  version = "0.6.3"

[[projects]]
  name = "golang.org/x/net"
  packages = ["context"]
  revision = "e90d6d0afc4c315a0d87a568ae68577cc15149a0"

[[projects]]
  name = "golang.org/x/oauth2"
  packages = [".","github","internal"]
  revision = "ad516a297a9f2a74ecc244861b298c94bdd28b9d"

[[projects]]
  name = "golang.org/x/sys"
  packages = ["unix"]
  revision = "1e99a4f9d247b28c670884b9a8d6801f39a47b77"

[[projects]]
  name = "google.golang.org/appengine"
  packages = [".","datastore","internal","internal/app_identity","internal/base","internal/datastore","internal/log","internal/memcache","internal/modules","internal/remote_api","internal/urlfetch","log","memcache","urlfetch"]
  revision = "170382fa85b10b94728989dfcf6cc818b335c952"

[[projects]]
  name = "gopkg.in/reform.v1"
  packages = [".","dialects/postgresql","parse"]
  revision = "aa2ae077c28edaf600cb1b9067e15aca0b0179bd"
  version = "v1.2.1"

[solve-meta]
  analyzer-name = "dep"
  analyzer-version = 1
  inputs-digest = "f3a6851c280a96e54be1d9eb3a77886235632aa1c0f35eb53cc8e5f218eaead1"
  solver-name = "gps-cdcl"
  solver-version = 1
