# This file is autogenerated, do not edit; changes may be undone by the next 'dep ensure'.


[[projects]]
  name = "github.com/AlekSi/pointer"
  packages = ["."]
  revision = "08a25bac605b3fcb6cc27f3917b2c2c87451963d"
  version = "v1.0.0"

[[projects]]
  name = "github.com/Sirupsen/logrus"
  packages = ["."]
  revision = "c155da19408a8799da419ed3eeb0cb5db0ad5dbc"
  version = "v1.0.5"

[[projects]]
  name = "github.com/golang/protobuf"
  packages = ["proto"]
  revision = "b4deda0973fb4c70b50d226b1af49f3da59f5265"
  version = "v1.1.0"

[[projects]]
  name = "github.com/google/go-github"
  packages = ["github"]
  revision = "e48060a28fac52d0f1cb758bc8b87c07bac4a87d"
  version = "v15.0.0"

[[projects]]
  branch = "master"
  name = "github.com/google/go-querystring"
  packages = ["query"]
  revision = "53e6ce116135b80d037921a7fdd5138cf32d7a8a"

[[projects]]
  name = "github.com/icza/session"
  packages = ["."]
  revision = "2eda5d157a03149bf944ca6ce8e27592da98f364"
  version = "v1.1.0"

[[projects]]
  name = "github.com/k8s-community/user-manager"
  packages = ["client"]
  revision = "ca6be86bdbf7df3046a88bb1ceb5794236c09c4a"
  version = "0.2.2"

[[projects]]
  branch = "master"
  name = "github.com/lib/pq"
  packages = [".","oid"]
  revision = "d34b9ff171c21ad295489235aec8b6626023cd04"

[[projects]]
  name = "github.com/openprovider/handlers"
  packages = ["info"]
  revision = "38a673f26616c3a99a720e13fa0eb7ebe0b4ca5d"
  version = "0.1.1"

[[projects]]
  name = "github.com/takama/router"
  packages = ["."]
  revision = "0db9d28f71e2a29c7b82ea6a0851bb0dedeaf744"
  version = "0.6.5"

[[projects]]
  branch = "master"
  name = "golang.org/x/crypto"
  packages = ["ssh/terminal"]
  revision = "ae8bce0030810cf999bb2b9868ae5c7c58e6343b"

[[projects]]
  branch = "master"
  name = "golang.org/x/net"
  packages = ["context","context/ctxhttp"]
  revision = "5f9ae10d9af5b1c89ae6904293b14b064d4ada23"

[[projects]]
  branch = "master"
  name = "golang.org/x/oauth2"
  packages = [".","github","internal"]
  revision = "6881fee410a5daf86371371f9ad451b95e168b71"

[[projects]]
  branch = "master"
  name = "golang.org/x/sys"
  packages = ["unix","windows"]
  revision = "78d5f264b493f125018180c204871ecf58a2dce1"

[[projects]]
  name = "google.golang.org/appengine"
  packages = [".","datastore","internal","internal/app_identity","internal/base","internal/datastore","internal/log","internal/memcache","internal/modules","internal/remote_api","internal/urlfetch","log","memcache","urlfetch"]
  revision = "150dc57a1b433e64154302bdc40b6bb8aefa313a"
  version = "v1.0.0"

[[projects]]
  name = "gopkg.in/reform.v1"
  packages = [".","dialects/postgresql","parse"]
  revision = "161dee950cbd38085dac33c87ef81140f2da99cc"
  version = "v1.3.1"

[solve-meta]
  analyzer-name = "dep"
  analyzer-version = 1
  inputs-digest = "e1f34bec871ab29fd95c775683c3d936372bf8db12b61c5b7a58f6d384d02590"
  solver-name = "gps-cdcl"
  solver-version = 1
